
Microsoft Visual Studio Solution File, Format Version 12.00
# Visual Studio Version 17
VisualStudioVersion = 17.14.36518.9 d17.14
MinimumVisualStudioVersion = 10.0.40219.1
Project("{FAE04EC0-301F-11D3-BF4B-00C04F79EFBC}") = "OpenCv", "OpenCv\OpenCv.csproj", "{E41EF154-763D-4917-A1E3-4F68D3328755}"
EndProject
Global
	GlobalSection(SolutionConfigurationPlatforms) = preSolution
		Debug|Any CPU = Debug|Any CPU
		Release|Any CPU = Release|Any CPU
	EndGlobalSection
	GlobalSection(ProjectConfigurationPlatforms) = postSolution
		{E41EF154-763D-4917-A1E3-4F68D3328755}.Debug|Any CPU.ActiveCfg = Debug|Any CPU
		{E41EF154-763D-4917-A1E3-4F68D3328755}.Debug|Any CPU.Build.0 = Debug|Any CPU
		{E41EF154-763D-4917-A1E3-4F68D3328755}.Release|Any CPU.ActiveCfg = Release|Any CPU
		{E41EF154-763D-4917-A1E3-4F68D3328755}.Release|Any CPU.Build.0 = Release|Any CPU
	EndGlobalSection
	GlobalSection(SolutionProperties) = preSolution
		HideSolutionNode = FALSE
	EndGlobalSection
	GlobalSection(ExtensibilityGlobals) = postSolution
		SolutionGuid = {457E59D0-D54E-4BDD-B3C8-AF9118DF4CAA}
	EndGlobalSection
EndGlobal
